
Microsoft Visual Studio Solution File, Format Version 12.00
# Visual Studio Version 17
VisualStudioVersion = 17.0.31903.59
MinimumVisualStudioVersion = 10.0.40219.1
Project("{9A19103F-16F7-4668-BE54-9A1E7A4F7556}") = "SampleBlazorServerNet80", "SampleBlazorServerNet80\SampleBlazorServerNet80.csproj", "{D2E35907-D6B8-4968-86E8-3194CA05ED00}"
EndProject
Project("{FAE04EC0-301F-11D3-BF4B-00C04F79EFBC}") = "SampleBlazorWebAppNet80", "SampleBlazorWebAppNet80\SampleBlazorWebAppNet80.csproj", "{F136DB93-99D9-4238-9462-C2D68EFC67DA}"
EndProject
Global
	GlobalSection(SolutionConfigurationPlatforms) = preSolution
		Debug|Any CPU = Debug|Any CPU
		Release|Any CPU = Release|Any CPU
	EndGlobalSection
	GlobalSection(ProjectConfigurationPlatforms) = postSolution
		{D2E35907-D6B8-4968-86E8-3194CA05ED00}.Debug|Any CPU.ActiveCfg = Debug|Any CPU
		{D2E35907-D6B8-4968-86E8-3194CA05ED00}.Debug|Any CPU.Build.0 = Debug|Any CPU
		{D2E35907-D6B8-4968-86E8-3194CA05ED00}.Release|Any CPU.ActiveCfg = Release|Any CPU
		{D2E35907-D6B8-4968-86E8-3194CA05ED00}.Release|Any CPU.Build.0 = Release|Any CPU
		{F136DB93-99D9-4238-9462-C2D68EFC67DA}.Debug|Any CPU.ActiveCfg = Debug|Any CPU
		{F136DB93-99D9-4238-9462-C2D68EFC67DA}.Debug|Any CPU.Build.0 = Debug|Any CPU
		{F136DB93-99D9-4238-9462-C2D68EFC67DA}.Release|Any CPU.ActiveCfg = Release|Any CPU
		{F136DB93-99D9-4238-9462-C2D68EFC67DA}.Release|Any CPU.Build.0 = Release|Any CPU
	EndGlobalSection
	GlobalSection(SolutionProperties) = preSolution
		HideSolutionNode = FALSE
	EndGlobalSection
	GlobalSection(ExtensibilityGlobals) = postSolution
		SolutionGuid = {AA429B4D-78C4-49D1-8B30-3AE03DDDA1B5}
	EndGlobalSection
EndGlobal
